{
	"name": "@deficonnect/socket-transport",
	"version": "1.6.14-dev.2",
	"lockfileVersion": 2,
	"requires": true,
	"packages": {
		"": {
			"name": "@deficonnect/socket-transport",
			"version": "1.6.13",
			"license": "LGPL-3.0",
			"dependencies": {
				"ws": "7.5.3"
			}
		},
		"../browser-utils": {
			"name": "@deficonnect/browser-utils",
			"version": "1.6.13",
			"extraneous": true,
			"license": "LGPL-3.0",
			"dependencies": {
				"@deficonnect/types": "^1.6.13",
				"@walletconnect/safe-json": "1.0.0",
				"@walletconnect/window-getters": "1.0.0",
				"@walletconnect/window-metadata": "1.0.0",
				"detect-browser": "5.2.0"
			},
			"devDependencies": {
				"@babel/cli": "7.8.3",
				"@babel/core": "7.8.3",
				"@babel/node": "7.8.3",
				"@babel/polyfill": "7.8.3",
				"@babel/preset-env": "7.8.3",
				"@babel/preset-typescript": "7.8.3",
				"@babel/register": "7.8.3",
				"@ethersproject/address": "5.0.0-beta.135",
				"@types/chai": "4.2.14",
				"@types/jest": "22.2.3",
				"@types/lodash.isnumber": "3.0.6",
				"@types/mocha": "8.0.4",
				"@types/node": "12.12.14",
				"chai": "4.2.0",
				"mocha": "8.2.1",
				"npm-run-all": "4.1.5",
				"ts-node": "9.0.0",
				"webpack": "4.41.5",
				"webpack-cli": "3.3.10"
			}
		},
		"../types": {
			"name": "@deficonnect/types",
			"version": "1.6.13",
			"extraneous": true,
			"license": "LGPL-3.0"
		},
		"../utils": {
			"name": "@deficonnect/utils",
			"version": "1.6.13",
			"extraneous": true,
			"license": "LGPL-3.0",
			"dependencies": {
				"@deficonnect/browser-utils": "^1.6.13",
				"@deficonnect/types": "^1.6.13",
				"@walletconnect/encoding": "^1.0.0",
				"@walletconnect/jsonrpc-utils": "^1.0.0",
				"bn.js": "4.11.8",
				"js-sha3": "0.8.0",
				"query-string": "6.13.5"
			},
			"devDependencies": {
				"@babel/cli": "7.8.3",
				"@babel/core": "7.8.3",
				"@babel/node": "7.8.3",
				"@babel/polyfill": "7.8.3",
				"@babel/preset-env": "7.8.3",
				"@babel/preset-typescript": "7.8.3",
				"@babel/register": "7.8.3",
				"@ethersproject/address": "5.0.0-beta.135",
				"@types/chai": "4.2.14",
				"@types/jest": "22.2.3",
				"@types/lodash.isnumber": "3.0.6",
				"@types/mocha": "8.0.4",
				"@types/node": "12.12.14",
				"chai": "4.2.0",
				"mocha": "8.2.1",
				"npm-run-all": "4.1.5",
				"ts-node": "9.0.0",
				"webpack": "4.41.5",
				"webpack-cli": "3.3.10"
			}
		},
		"node_modules/ws": {
			"version": "7.5.3",
			"resolved": "https://registry.npmjs.org/ws/-/ws-7.5.3.tgz",
			"integrity": "sha512-kQ/dHIzuLrS6Je9+uv81ueZomEwH0qVYstcAQ4/Z93K8zeko9gtAbttJWzoC5ukqXY1PpoouV3+VSOqEAFt5wg==",
			"engines": {
				"node": ">=8.3.0"
			},
			"peerDependencies": {
				"bufferutil": "^4.0.1",
				"utf-8-validate": "^5.0.2"
			},
			"peerDependenciesMeta": {
				"bufferutil": {
					"optional": true
				},
				"utf-8-validate": {
					"optional": true
				}
			}
		}
	},
	"dependencies": {
		"ws": {
			"version": "7.5.3",
			"resolved": "https://registry.npmjs.org/ws/-/ws-7.5.3.tgz",
			"integrity": "sha512-kQ/dHIzuLrS6Je9+uv81ueZomEwH0qVYstcAQ4/Z93K8zeko9gtAbttJWzoC5ukqXY1PpoouV3+VSOqEAFt5wg==",
			"requires": {}
		}
	}
}
